---
apiVersion: helm.toolkit.fluxcd.io/v2beta1
kind: HelmRelease
metadata:
  name: mc-skyblock
  namespace: default
spec:
  interval: 5m
  chart:
    spec:
      # renovate: registryUrl=https://itzg.github.io/minecraft-server-charts/
      chart: minecraft
      version: 2.1.2
      sourceRef:
        kind: HelmRepository
        name: minecraft-server-charts
        namespace: flux-system
      interval: 5m
  values:
    image: itzg/minecraft-server
    imageTag: 1.8.0-adopt13
    persistence:
      storageClass: "rook-ceph-block"
      dataDir:
        enabled: true
        Size: 10Gi
    resources:
      requests:
        memory: 2048Mi
        cpu: 250m
      limits:
        memory: 3072Mi
    livenessProbe:
      initialDelaySeconds: 30
      periodSeconds: 5
      failureThreshold: 10
      successThreshold: 1
      timeoutSeconds: 1
    readinessProbe:
      initialDelaySeconds: 30
      periodSeconds: 5
      failureThreshold: 10
      successThreshold: 1
      timeoutSeconds: 1
    startupProbe:
      enabled: true
      failureThreshold: 30
      periodSeconds: 10
    podAnnotations:
      backup.velero.io/backup-volumes: datadir
    extraEnv:
      ENABLE_AUTOPAUSE: TRUE
    minecraftServer:
      eula: "TRUE"
      version: "LATEST"
      type: PAPER
      paperDownloadUrl: https://papermc.io/api/v1/paper/1.16.4/latest/download
      forceReDownload: true
      jvmOpts: "-Xms2G -Xmx2G -XX:+UseG1GC -XX:+ParallelRefProcEnabled -XX:MaxGCPauseMillis=200 -XX:+UnlockExperimentalVMOptions -XX:+DisableExplicitGC -XX:+AlwaysPreTouch -XX:G1NewSizePercent=30 -XX:G1MaxNewSizePercent=40 -XX:G1HeapRegionSize=8M -XX:G1ReservePercent=20 -XX:G1HeapWastePercent=5 -XX:G1MixedGCCountTarget=4 -XX:InitiatingHeapOccupancyPercent=15 -XX:G1MixedGCLiveThresholdPercent=90 -XX:G1RSetUpdatingPauseTimePercent=5 -XX:SurvivorRatio=32 -XX:+PerfDisableSharedMem -XX:MaxTenuringThreshold=1 -Dusing.aikars.flags=https://mcflags.emc.gs -Daikars.new.flags=true"
      memory: 2048M
      difficulty: easy
      maxTickTime: -1
      serviceType: LoadBalancer
      gameMode: survival
      motd: "skyblock.eviljungle.com\n\u00A7b\u00A7lskyblock\u00A7r\n"
      icon: https://static.planetminecraft.com/files/resource_media/screenshot/1818/636544733395786830-1525075410.png
      loadBalancerIP: 10.0.6.105
      rcon:
        enabled: false
        port: 25575
        password: "mc-rcon"
        serviceType: LoadBalancer
      dynmap:
        service:
          enabled: true
        ingress:
          enabled: true
          annotations:
            kubernetes.io/ingress.class: nginx
            nginx.ingress.kubernetes.io/whitelist-source-range: "10.0.0.0/8, 172.16.0.0/12, 192.168.0.0/16"
          hosts:
            - name: mc-skyblock-map.eviljungle.com
              path: /
          tls:
          - hosts:
            - mc-skyblock-map.eviljungle.com
